
Microsoft Visual Studio Solution File, Format Version 12.00
# Visual Studio 14
VisualStudioVersion = 14.0.23107.0
MinimumVisualStudioVersion = 10.0.40219.1
Project("{FAE04EC0-301F-11D3-BF4B-00C04F79EFBC}") = "TestApp", "TestApp\TestApp.csproj", "{D6B7E65A-9EBD-49D5-850C-669FB45F97B1}"
EndProject
Project("{FAE04EC0-301F-11D3-BF4B-00C04F79EFBC}") = "Nintroller", "Nintroller.csproj", "{ACC86CB0-CE56-4B4E-8024-DCB49B9FC5FC}"
EndProject
Global
	GlobalSection(SolutionConfigurationPlatforms) = preSolution
		Debug|Any CPU = Debug|Any CPU
		Release|Any CPU = Release|Any CPU
	EndGlobalSection
	GlobalSection(ProjectConfigurationPlatforms) = postSolution
		{D6B7E65A-9EBD-49D5-850C-669FB45F97B1}.Debug|Any CPU.ActiveCfg = Debug|Any CPU
		{D6B7E65A-9EBD-49D5-850C-669FB45F97B1}.Debug|Any CPU.Build.0 = Debug|Any CPU
		{D6B7E65A-9EBD-49D5-850C-669FB45F97B1}.Release|Any CPU.ActiveCfg = Release|Any CPU
		{D6B7E65A-9EBD-49D5-850C-669FB45F97B1}.Release|Any CPU.Build.0 = Release|Any CPU
		{ACC86CB0-CE56-4B4E-8024-DCB49B9FC5FC}.Debug|Any CPU.ActiveCfg = Debug|Any CPU
		{ACC86CB0-CE56-4B4E-8024-DCB49B9FC5FC}.Debug|Any CPU.Build.0 = Debug|Any CPU
		{ACC86CB0-CE56-4B4E-8024-DCB49B9FC5FC}.Release|Any CPU.ActiveCfg = Release|Any CPU
		{ACC86CB0-CE56-4B4E-8024-DCB49B9FC5FC}.Release|Any CPU.Build.0 = Release|Any CPU
	EndGlobalSection
	GlobalSection(SolutionProperties) = preSolution
		HideSolutionNode = FALSE
	EndGlobalSection
EndGlobal
